
Microsoft Visual Studio Solution File, Format Version 12.00
# Visual Studio Version 16
VisualStudioVersion = 16.0.29324.140
MinimumVisualStudioVersion = 15.0.26124.0
Project("{9A19103F-16F7-4668-BE54-9A1E7A4F7556}") = "01_DI", "01_DI\01_DI.csproj", "{EB169305-C299-475A-9278-A6F76F5578D0}"
EndProject
Project("{2150E333-8FDC-42A3-9474-1A3956D46DE8}") = "Solution Items", "Solution Items", "{67ED18FC-6DBA-4B6F-A760-80D006FAA199}"
	ProjectSection(SolutionItems) = preProject
		..\README.md = ..\README.md
	EndProjectSection
EndProject
Project("{9A19103F-16F7-4668-BE54-9A1E7A4F7556}") = "02_DI", "02_DI\02_DI.csproj", "{ED701985-DB11-4640-9507-972410F3B333}"
EndProject
Project("{9A19103F-16F7-4668-BE54-9A1E7A4F7556}") = "03_Middleware", "03_Middleware\03_Middleware.csproj", "{E5FD8AF2-7A2A-4389-9B4B-790546E48983}"
EndProject
Project("{9A19103F-16F7-4668-BE54-9A1E7A4F7556}") = "04_Logging", "04_Logging\04_Logging.csproj", "{61922560-6614-4F17-BFE1-14EDE35A126F}"
EndProject
Project("{9A19103F-16F7-4668-BE54-9A1E7A4F7556}") = "05_Logging", "05_Logging\05_Logging.csproj", "{33308835-403F-4EF6-B7FF-ED3ECE7E0BC1}"
EndProject
Project("{FAE04EC0-301F-11D3-BF4B-00C04F79EFBC}") = "06_Configuration", "06_Configuration\06_Configuration.csproj", "{F4DCECB3-8022-49BC-BE7F-0CA1FE3F000E}"
EndProject
Project("{FAE04EC0-301F-11D3-BF4B-00C04F79EFBC}") = "07_Options", "07_Configuration\07_Options.csproj", "{B72389F3-A6DF-416F-904B-9154385810AB}"
EndProject
Global
	GlobalSection(SolutionConfigurationPlatforms) = preSolution
		Debug|Any CPU = Debug|Any CPU
		Debug|x64 = Debug|x64
		Debug|x86 = Debug|x86
		Release|Any CPU = Release|Any CPU
		Release|x64 = Release|x64
		Release|x86 = Release|x86
	EndGlobalSection
	GlobalSection(ProjectConfigurationPlatforms) = postSolution
		{EB169305-C299-475A-9278-A6F76F5578D0}.Debug|Any CPU.ActiveCfg = Debug|Any CPU
		{EB169305-C299-475A-9278-A6F76F5578D0}.Debug|Any CPU.Build.0 = Debug|Any CPU
		{EB169305-C299-475A-9278-A6F76F5578D0}.Debug|x64.ActiveCfg = Debug|Any CPU
		{EB169305-C299-475A-9278-A6F76F5578D0}.Debug|x64.Build.0 = Debug|Any CPU
		{EB169305-C299-475A-9278-A6F76F5578D0}.Debug|x86.ActiveCfg = Debug|Any CPU
		{EB169305-C299-475A-9278-A6F76F5578D0}.Debug|x86.Build.0 = Debug|Any CPU
		{EB169305-C299-475A-9278-A6F76F5578D0}.Release|Any CPU.ActiveCfg = Release|Any CPU
		{EB169305-C299-475A-9278-A6F76F5578D0}.Release|Any CPU.Build.0 = Release|Any CPU
		{EB169305-C299-475A-9278-A6F76F5578D0}.Release|x64.ActiveCfg = Release|Any CPU
		{EB169305-C299-475A-9278-A6F76F5578D0}.Release|x64.Build.0 = Release|Any CPU
		{EB169305-C299-475A-9278-A6F76F5578D0}.Release|x86.ActiveCfg = Release|Any CPU
		{EB169305-C299-475A-9278-A6F76F5578D0}.Release|x86.Build.0 = Release|Any CPU
		{ED701985-DB11-4640-9507-972410F3B333}.Debug|Any CPU.ActiveCfg = Debug|Any CPU
		{ED701985-DB11-4640-9507-972410F3B333}.Debug|Any CPU.Build.0 = Debug|Any CPU
		{ED701985-DB11-4640-9507-972410F3B333}.Debug|x64.ActiveCfg = Debug|Any CPU
		{ED701985-DB11-4640-9507-972410F3B333}.Debug|x64.Build.0 = Debug|Any CPU
		{ED701985-DB11-4640-9507-972410F3B333}.Debug|x86.ActiveCfg = Debug|Any CPU
		{ED701985-DB11-4640-9507-972410F3B333}.Debug|x86.Build.0 = Debug|Any CPU
		{ED701985-DB11-4640-9507-972410F3B333}.Release|Any CPU.ActiveCfg = Release|Any CPU
		{ED701985-DB11-4640-9507-972410F3B333}.Release|Any CPU.Build.0 = Release|Any CPU
		{ED701985-DB11-4640-9507-972410F3B333}.Release|x64.ActiveCfg = Release|Any CPU
		{ED701985-DB11-4640-9507-972410F3B333}.Release|x64.Build.0 = Release|Any CPU
		{ED701985-DB11-4640-9507-972410F3B333}.Release|x86.ActiveCfg = Release|Any CPU
		{ED701985-DB11-4640-9507-972410F3B333}.Release|x86.Build.0 = Release|Any CPU
		{E5FD8AF2-7A2A-4389-9B4B-790546E48983}.Debug|Any CPU.ActiveCfg = Debug|Any CPU
		{E5FD8AF2-7A2A-4389-9B4B-790546E48983}.Debug|Any CPU.Build.0 = Debug|Any CPU
		{E5FD8AF2-7A2A-4389-9B4B-790546E48983}.Debug|x64.ActiveCfg = Debug|Any CPU
		{E5FD8AF2-7A2A-4389-9B4B-790546E48983}.Debug|x64.Build.0 = Debug|Any CPU
		{E5FD8AF2-7A2A-4389-9B4B-790546E48983}.Debug|x86.ActiveCfg = Debug|Any CPU
		{E5FD8AF2-7A2A-4389-9B4B-790546E48983}.Debug|x86.Build.0 = Debug|Any CPU
		{E5FD8AF2-7A2A-4389-9B4B-790546E48983}.Release|Any CPU.ActiveCfg = Release|Any CPU
		{E5FD8AF2-7A2A-4389-9B4B-790546E48983}.Release|Any CPU.Build.0 = Release|Any CPU
		{E5FD8AF2-7A2A-4389-9B4B-790546E48983}.Release|x64.ActiveCfg = Release|Any CPU
		{E5FD8AF2-7A2A-4389-9B4B-790546E48983}.Release|x64.Build.0 = Release|Any CPU
		{E5FD8AF2-7A2A-4389-9B4B-790546E48983}.Release|x86.ActiveCfg = Release|Any CPU
		{E5FD8AF2-7A2A-4389-9B4B-790546E48983}.Release|x86.Build.0 = Release|Any CPU
		{61922560-6614-4F17-BFE1-14EDE35A126F}.Debug|Any CPU.ActiveCfg = Debug|Any CPU
		{61922560-6614-4F17-BFE1-14EDE35A126F}.Debug|Any CPU.Build.0 = Debug|Any CPU
		{61922560-6614-4F17-BFE1-14EDE35A126F}.Debug|x64.ActiveCfg = Debug|Any CPU
		{61922560-6614-4F17-BFE1-14EDE35A126F}.Debug|x64.Build.0 = Debug|Any CPU
		{61922560-6614-4F17-BFE1-14EDE35A126F}.Debug|x86.ActiveCfg = Debug|Any CPU
		{61922560-6614-4F17-BFE1-14EDE35A126F}.Debug|x86.Build.0 = Debug|Any CPU
		{61922560-6614-4F17-BFE1-14EDE35A126F}.Release|Any CPU.ActiveCfg = Release|Any CPU
		{61922560-6614-4F17-BFE1-14EDE35A126F}.Release|Any CPU.Build.0 = Release|Any CPU
		{61922560-6614-4F17-BFE1-14EDE35A126F}.Release|x64.ActiveCfg = Release|Any CPU
		{61922560-6614-4F17-BFE1-14EDE35A126F}.Release|x64.Build.0 = Release|Any CPU
		{61922560-6614-4F17-BFE1-14EDE35A126F}.Release|x86.ActiveCfg = Release|Any CPU
		{61922560-6614-4F17-BFE1-14EDE35A126F}.Release|x86.Build.0 = Release|Any CPU
		{33308835-403F-4EF6-B7FF-ED3ECE7E0BC1}.Debug|Any CPU.ActiveCfg = Debug|Any CPU
		{33308835-403F-4EF6-B7FF-ED3ECE7E0BC1}.Debug|Any CPU.Build.0 = Debug|Any CPU
		{33308835-403F-4EF6-B7FF-ED3ECE7E0BC1}.Debug|x64.ActiveCfg = Debug|Any CPU
		{33308835-403F-4EF6-B7FF-ED3ECE7E0BC1}.Debug|x64.Build.0 = Debug|Any CPU
		{33308835-403F-4EF6-B7FF-ED3ECE7E0BC1}.Debug|x86.ActiveCfg = Debug|Any CPU
		{33308835-403F-4EF6-B7FF-ED3ECE7E0BC1}.Debug|x86.Build.0 = Debug|Any CPU
		{33308835-403F-4EF6-B7FF-ED3ECE7E0BC1}.Release|Any CPU.ActiveCfg = Release|Any CPU
		{33308835-403F-4EF6-B7FF-ED3ECE7E0BC1}.Release|Any CPU.Build.0 = Release|Any CPU
		{33308835-403F-4EF6-B7FF-ED3ECE7E0BC1}.Release|x64.ActiveCfg = Release|Any CPU
		{33308835-403F-4EF6-B7FF-ED3ECE7E0BC1}.Release|x64.Build.0 = Release|Any CPU
		{33308835-403F-4EF6-B7FF-ED3ECE7E0BC1}.Release|x86.ActiveCfg = Release|Any CPU
		{33308835-403F-4EF6-B7FF-ED3ECE7E0BC1}.Release|x86.Build.0 = Release|Any CPU
		{F4DCECB3-8022-49BC-BE7F-0CA1FE3F000E}.Debug|Any CPU.ActiveCfg = Debug|Any CPU
		{F4DCECB3-8022-49BC-BE7F-0CA1FE3F000E}.Debug|Any CPU.Build.0 = Debug|Any CPU
		{F4DCECB3-8022-49BC-BE7F-0CA1FE3F000E}.Debug|x64.ActiveCfg = Debug|Any CPU
		{F4DCECB3-8022-49BC-BE7F-0CA1FE3F000E}.Debug|x64.Build.0 = Debug|Any CPU
		{F4DCECB3-8022-49BC-BE7F-0CA1FE3F000E}.Debug|x86.ActiveCfg = Debug|Any CPU
		{F4DCECB3-8022-49BC-BE7F-0CA1FE3F000E}.Debug|x86.Build.0 = Debug|Any CPU
		{F4DCECB3-8022-49BC-BE7F-0CA1FE3F000E}.Release|Any CPU.ActiveCfg = Release|Any CPU
		{F4DCECB3-8022-49BC-BE7F-0CA1FE3F000E}.Release|Any CPU.Build.0 = Release|Any CPU
		{F4DCECB3-8022-49BC-BE7F-0CA1FE3F000E}.Release|x64.ActiveCfg = Release|Any CPU
		{F4DCECB3-8022-49BC-BE7F-0CA1FE3F000E}.Release|x64.Build.0 = Release|Any CPU
		{F4DCECB3-8022-49BC-BE7F-0CA1FE3F000E}.Release|x86.ActiveCfg = Release|Any CPU
		{F4DCECB3-8022-49BC-BE7F-0CA1FE3F000E}.Release|x86.Build.0 = Release|Any CPU
		{B72389F3-A6DF-416F-904B-9154385810AB}.Debug|Any CPU.ActiveCfg = Debug|Any CPU
		{B72389F3-A6DF-416F-904B-9154385810AB}.Debug|Any CPU.Build.0 = Debug|Any CPU
		{B72389F3-A6DF-416F-904B-9154385810AB}.Debug|x64.ActiveCfg = Debug|Any CPU
		{B72389F3-A6DF-416F-904B-9154385810AB}.Debug|x64.Build.0 = Debug|Any CPU
		{B72389F3-A6DF-416F-904B-9154385810AB}.Debug|x86.ActiveCfg = Debug|Any CPU
		{B72389F3-A6DF-416F-904B-9154385810AB}.Debug|x86.Build.0 = Debug|Any CPU
		{B72389F3-A6DF-416F-904B-9154385810AB}.Release|Any CPU.ActiveCfg = Release|Any CPU
		{B72389F3-A6DF-416F-904B-9154385810AB}.Release|Any CPU.Build.0 = Release|Any CPU
		{B72389F3-A6DF-416F-904B-9154385810AB}.Release|x64.ActiveCfg = Release|Any CPU
		{B72389F3-A6DF-416F-904B-9154385810AB}.Release|x64.Build.0 = Release|Any CPU
		{B72389F3-A6DF-416F-904B-9154385810AB}.Release|x86.ActiveCfg = Release|Any CPU
		{B72389F3-A6DF-416F-904B-9154385810AB}.Release|x86.Build.0 = Release|Any CPU
	EndGlobalSection
	GlobalSection(SolutionProperties) = preSolution
		HideSolutionNode = FALSE
	EndGlobalSection
	GlobalSection(ExtensibilityGlobals) = postSolution
		SolutionGuid = {A34A2339-CA89-4F8C-A4EB-A333D4ED321A}
	EndGlobalSection
EndGlobal
